// !$*UTF8*$!
{
	archiveVersion = 1;
	classes = {
	};
	objectVersion = 46;
	objects = {

/* Begin PBXBuildFile section */
		E74FCC571B0DDD440036B5DD /* AFHTTPRequestOperation.m in Sources */ = {isa = PBXBuildFile; fileRef = E74FCC3C1B0DDD440036B5DD /* AFHTTPRequestOperation.m */; };
		E74FCC581B0DDD440036B5DD /* AFHTTPRequestOperationManager.m in Sources */ = {isa = PBXBuildFile; fileRef = E74FCC3E1B0DDD440036B5DD /* AFHTTPRequestOperationManager.m */; };
		E74FCC591B0DDD440036B5DD /* AFHTTPSessionManager.m in Sources */ = {isa = PBXBuildFile; fileRef = E74FCC401B0DDD440036B5DD /* AFHTTPSessionManager.m */; };
		E74FCC5A1B0DDD440036B5DD /* AFNetworkReachabilityManager.m in Sources */ = {isa = PBXBuildFile; fileRef = E74FCC431B0DDD440036B5DD /* AFNetworkReachabilityManager.m */; };
		E74FCC5B1B0DDD440036B5DD /* AFSecurityPolicy.m in Sources */ = {isa = PBXBuildFile; fileRef = E74FCC451B0DDD440036B5DD /* AFSecurityPolicy.m */; };
		E74FCC5C1B0DDD440036B5DD /* AFURLConnectionOperation.m in Sources */ = {isa = PBXBuildFile; fileRef = E74FCC471B0DDD440036B5DD /* AFURLConnectionOperation.m */; };
		E74FCC5D1B0DDD440036B5DD /* AFURLRequestSerialization.m in Sources */ = {isa = PBXBuildFile; fileRef = E74FCC491B0DDD440036B5DD /* AFURLRequestSerialization.m */; };
		E74FCC5E1B0DDD440036B5DD /* AFURLResponseSerialization.m in Sources */ = {isa = PBXBuildFile; fileRef = E74FCC4B1B0DDD440036B5DD /* AFURLResponseSerialization.m */; };
		E74FCC5F1B0DDD440036B5DD /* AFURLSessionManager.m in Sources */ = {isa = PBXBuildFile; fileRef = E74FCC4D1B0DDD440036B5DD /* AFURLSessionManager.m */; };
		E74FCC601B0DDD440036B5DD /* Reachability.m in Sources */ = {isa = PBXBuildFile; fileRef = E74FCC501B0DDD440036B5DD /* Reachability.m */; };
		E74FCC611B0DDD440036B5DD /* Singleton.m in Sources */ = {isa = PBXBuildFile; fileRef = E74FCC531B0DDD440036B5DD /* Singleton.m */; };
		E74FCC621B0DDD440036B5DD /* WebserviceCaller.m in Sources */ = {isa = PBXBuildFile; fileRef = E74FCC561B0DDD440036B5DD /* WebserviceCaller.m */; };
		E74FCC841B0DDDC20036B5DD /* EXTRuntimeExtensions.m in Sources */ = {isa = PBXBuildFile; fileRef = E74FCC671B0DDDC20036B5DD /* EXTRuntimeExtensions.m */; };
		E74FCC851B0DDDC20036B5DD /* EXTScope.m in Sources */ = {isa = PBXBuildFile; fileRef = E74FCC691B0DDDC20036B5DD /* EXTScope.m */; };
		E74FCC861B0DDDC20036B5DD /* MTLJSONAdapter.m in Sources */ = {isa = PBXBuildFile; fileRef = E74FCC6D1B0DDDC20036B5DD /* MTLJSONAdapter.m */; };
		E74FCC871B0DDDC20036B5DD /* MTLManagedObjectAdapter.m in Sources */ = {isa = PBXBuildFile; fileRef = E74FCC6F1B0DDDC20036B5DD /* MTLManagedObjectAdapter.m */; };
		E74FCC881B0DDDC20036B5DD /* MTLModel+NSCoding.m in Sources */ = {isa = PBXBuildFile; fileRef = E74FCC711B0DDDC20036B5DD /* MTLModel+NSCoding.m */; };
		E74FCC891B0DDDC20036B5DD /* MTLModel.m in Sources */ = {isa = PBXBuildFile; fileRef = E74FCC731B0DDDC20036B5DD /* MTLModel.m */; };
		E74FCC8A1B0DDDC20036B5DD /* MTLReflection.m in Sources */ = {isa = PBXBuildFile; fileRef = E74FCC751B0DDDC20036B5DD /* MTLReflection.m */; };
		E74FCC8B1B0DDDC20036B5DD /* MTLValueTransformer.m in Sources */ = {isa = PBXBuildFile; fileRef = E74FCC771B0DDDC20036B5DD /* MTLValueTransformer.m */; };
		E74FCC8C1B0DDDC20036B5DD /* NSArray+MTLManipulationAdditions.m in Sources */ = {isa = PBXBuildFile; fileRef = E74FCC791B0DDDC20036B5DD /* NSArray+MTLManipulationAdditions.m */; };
		E74FCC8D1B0DDDC20036B5DD /* NSDictionary+MTLManipulationAdditions.m in Sources */ = {isa = PBXBuildFile; fileRef = E74FCC7B1B0DDDC20036B5DD /* NSDictionary+MTLManipulationAdditions.m */; };
		E74FCC8E1B0DDDC20036B5DD /* NSError+MTLModelException.m in Sources */ = {isa = PBXBuildFile; fileRef = E74FCC7D1B0DDDC20036B5DD /* NSError+MTLModelException.m */; };
		E74FCC8F1B0DDDC20036B5DD /* NSObject+MTLComparisonAdditions.m in Sources */ = {isa = PBXBuildFile; fileRef = E74FCC7F1B0DDDC20036B5DD /* NSObject+MTLComparisonAdditions.m */; };
		E74FCC901B0DDDC20036B5DD /* NSValueTransformer+MTLInversionAdditions.m in Sources */ = {isa = PBXBuildFile; fileRef = E74FCC811B0DDDC20036B5DD /* NSValueTransformer+MTLInversionAdditions.m */; };
		E74FCC911B0DDDC20036B5DD /* NSValueTransformer+MTLPredefinedTransformerAdditions.m in Sources */ = {isa = PBXBuildFile; fileRef = E74FCC831B0DDDC20036B5DD /* NSValueTransformer+MTLPredefinedTransformerAdditions.m */; };
		E74FCC941B0DE8120036B5DD /* ShareDATA.m in Sources */ = {isa = PBXBuildFile; fileRef = E74FCC931B0DE8120036B5DD /* ShareDATA.m */; };
		E75E85481B0DC0C20088EAD3 /* main.m in Sources */ = {isa = PBXBuildFile; fileRef = E75E85471B0DC0C20088EAD3 /* main.m */; };
		E75E85511B0DC0C20088EAD3 /* Main.storyboard in Resources */ = {isa = PBXBuildFile; fileRef = E75E854F1B0DC0C20088EAD3 /* Main.storyboard */; };
		E75E85531B0DC0C20088EAD3 /* Images.xcassets in Resources */ = {isa = PBXBuildFile; fileRef = E75E85521B0DC0C20088EAD3 /* Images.xcassets */; };
		E75E85561B0DC0C20088EAD3 /* LaunchScreen.xib in Resources */ = {isa = PBXBuildFile; fileRef = E75E85541B0DC0C20088EAD3 /* LaunchScreen.xib */; };
		E75E85621B0DC0C20088EAD3 /* MVC_DemoTests.m in Sources */ = {isa = PBXBuildFile; fileRef = E75E85611B0DC0C20088EAD3 /* MVC_DemoTests.m */; };
		E75E85781B0DC2700088EAD3 /* AppDelegate.m in Sources */ = {isa = PBXBuildFile; fileRef = E75E85731B0DC2700088EAD3 /* AppDelegate.m */; };
		E75E85791B0DC2700088EAD3 /* ViewController.m in Sources */ = {isa = PBXBuildFile; fileRef = E75E85771B0DC2700088EAD3 /* ViewController.m */; };
		E75E857C1B0DC3690088EAD3 /* DataShareClass.m in Sources */ = {isa = PBXBuildFile; fileRef = E75E857B1B0DC3690088EAD3 /* DataShareClass.m */; };
/* End PBXBuildFile section */

/* Begin PBXContainerItemProxy section */
		E75E855C1B0DC0C20088EAD3 /* PBXContainerItemProxy */ = {
			isa = PBXContainerItemProxy;
			containerPortal = E75E853A1B0DC0C20088EAD3 /* Project object */;
			proxyType = 1;
			remoteGlobalIDString = E75E85411B0DC0C20088EAD3;
			remoteInfo = MVC_Demo;
		};
/* End PBXContainerItemProxy section */

/* Begin PBXFileReference section */
		E74FCC3B1B0DDD440036B5DD /* AFHTTPRequestOperation.h */ = {isa = PBXFileReference; fileEncoding = 4; lastKnownFileType = sourcecode.c.h; path = AFHTTPRequestOperation.h; sourceTree = "<group>"; };
		E74FCC3C1B0DDD440036B5DD /* AFHTTPRequestOperation.m */ = {isa = PBXFileReference; fileEncoding = 4; lastKnownFileType = sourcecode.c.objc; path = AFHTTPRequestOperation.m; sourceTree = "<group>"; };
		E74FCC3D1B0DDD440036B5DD /* AFHTTPRequestOperationManager.h */ = {isa = PBXFileReference; fileEncoding = 4; lastKnownFileType = sourcecode.c.h; path = AFHTTPRequestOperationManager.h; sourceTree = "<group>"; };
		E74FCC3E1B0DDD440036B5DD /* AFHTTPRequestOperationManager.m */ = {isa = PBXFileReference; fileEncoding = 4; lastKnownFileType = sourcecode.c.objc; path = AFHTTPRequestOperationManager.m; sourceTree = "<group>"; };
		E74FCC3F1B0DDD440036B5DD /* AFHTTPSessionManager.h */ = {isa = PBXFileReference; fileEncoding = 4; lastKnownFileType = sourcecode.c.h; path = AFHTTPSessionManager.h; sourceTree = "<group>"; };
		E74FCC401B0DDD440036B5DD /* AFHTTPSessionManager.m */ = {isa = PBXFileReference; fileEncoding = 4; lastKnownFileType = sourcecode.c.objc; path = AFHTTPSessionManager.m; sourceTree = "<group>"; };
		E74FCC411B0DDD440036B5DD /* AFNetworking.h */ = {isa = PBXFileReference; fileEncoding = 4; lastKnownFileType = sourcecode.c.h; path = AFNetworking.h; sourceTree = "<group>"; };
		E74FCC421B0DDD440036B5DD /* AFNetworkReachabilityManager.h */ = {isa = PBXFileReference; fileEncoding = 4; lastKnownFileType = sourcecode.c.h; path = AFNetworkReachabilityManager.h; sourceTree = "<group>"; };
		E74FCC431B0DDD440036B5DD /* AFNetworkReachabilityManager.m */ = {isa = PBXFileReference; fileEncoding = 4; lastKnownFileType = sourcecode.c.objc; path = AFNetworkReachabilityManager.m; sourceTree = "<group>"; };
		E74FCC441B0DDD440036B5DD /* AFSecurityPolicy.h */ = {isa = PBXFileReference; fileEncoding = 4; lastKnownFileType = sourcecode.c.h; path = AFSecurityPolicy.h; sourceTree = "<group>"; };
		E74FCC451B0DDD440036B5DD /* AFSecurityPolicy.m */ = {isa = PBXFileReference; fileEncoding = 4; lastKnownFileType = sourcecode.c.objc; path = AFSecurityPolicy.m; sourceTree = "<group>"; };
		E74FCC461B0DDD440036B5DD /* AFURLConnectionOperation.h */ = {isa = PBXFileReference; fileEncoding = 4; lastKnownFileType = sourcecode.c.h; path = AFURLConnectionOperation.h; sourceTree = "<group>"; };
		E74FCC471B0DDD440036B5DD /* AFURLConnectionOperation.m */ = {isa = PBXFileReference; fileEncoding = 4; lastKnownFileType = sourcecode.c.objc; path = AFURLConnectionOperation.m; sourceTree = "<group>"; };
		E74FCC481B0DDD440036B5DD /* AFURLRequestSerialization.h */ = {isa = PBXFileReference; fileEncoding = 4; lastKnownFileType = sourcecode.c.h; path = AFURLRequestSerialization.h; sourceTree = "<group>"; };
		E74FCC491B0DDD440036B5DD /* AFURLRequestSerialization.m */ = {isa = PBXFileReference; fileEncoding = 4; lastKnownFileType = sourcecode.c.objc; path = AFURLRequestSerialization.m; sourceTree = "<group>"; };
		E74FCC4A1B0DDD440036B5DD /* AFURLResponseSerialization.h */ = {isa = PBXFileReference; fileEncoding = 4; lastKnownFileType = sourcecode.c.h; path = AFURLResponseSerialization.h; sourceTree = "<group>"; };
		E74FCC4B1B0DDD440036B5DD /* AFURLResponseSerialization.m */ = {isa = PBXFileReference; fileEncoding = 4; lastKnownFileType = sourcecode.c.objc; path = AFURLResponseSerialization.m; sourceTree = "<group>"; };
		E74FCC4C1B0DDD440036B5DD /* AFURLSessionManager.h */ = {isa = PBXFileReference; fileEncoding = 4; lastKnownFileType = sourcecode.c.h; path = AFURLSessionManager.h; sourceTree = "<group>"; };
		E74FCC4D1B0DDD440036B5DD /* AFURLSessionManager.m */ = {isa = PBXFileReference; fileEncoding = 4; lastKnownFileType = sourcecode.c.objc; path = AFURLSessionManager.m; sourceTree = "<group>"; };
		E74FCC4F1B0DDD440036B5DD /* Reachability.h */ = {isa = PBXFileReference; fileEncoding = 4; lastKnownFileType = sourcecode.c.h; path = Reachability.h; sourceTree = "<group>"; };
		E74FCC501B0DDD440036B5DD /* Reachability.m */ = {isa = PBXFileReference; fileEncoding = 4; lastKnownFileType = sourcecode.c.objc; path = Reachability.m; sourceTree = "<group>"; };
		E74FCC521B0DDD440036B5DD /* Singleton.h */ = {isa = PBXFileReference; fileEncoding = 4; lastKnownFileType = sourcecode.c.h; path = Singleton.h; sourceTree = "<group>"; };
		E74FCC531B0DDD440036B5DD /* Singleton.m */ = {isa = PBXFileReference; fileEncoding = 4; lastKnownFileType = sourcecode.c.objc; path = Singleton.m; sourceTree = "<group>"; };
		E74FCC551B0DDD440036B5DD /* WebserviceCaller.h */ = {isa = PBXFileReference; fileEncoding = 4; lastKnownFileType = sourcecode.c.h; path = WebserviceCaller.h; sourceTree = "<group>"; };
		E74FCC561B0DDD440036B5DD /* WebserviceCaller.m */ = {isa = PBXFileReference; fileEncoding = 4; lastKnownFileType = sourcecode.c.objc; path = WebserviceCaller.m; sourceTree = "<group>"; };
		E74FCC651B0DDDC20036B5DD /* EXTKeyPathCoding.h */ = {isa = PBXFileReference; fileEncoding = 4; lastKnownFileType = sourcecode.c.h; path = EXTKeyPathCoding.h; sourceTree = "<group>"; };
		E74FCC661B0DDDC20036B5DD /* EXTRuntimeExtensions.h */ = {isa = PBXFileReference; fileEncoding = 4; lastKnownFileType = sourcecode.c.h; path = EXTRuntimeExtensions.h; sourceTree = "<group>"; };
		E74FCC671B0DDDC20036B5DD /* EXTRuntimeExtensions.m */ = {isa = PBXFileReference; fileEncoding = 4; lastKnownFileType = sourcecode.c.objc; path = EXTRuntimeExtensions.m; sourceTree = "<group>"; };
		E74FCC681B0DDDC20036B5DD /* EXTScope.h */ = {isa = PBXFileReference; fileEncoding = 4; lastKnownFileType = sourcecode.c.h; path = EXTScope.h; sourceTree = "<group>"; };
		E74FCC691B0DDDC20036B5DD /* EXTScope.m */ = {isa = PBXFileReference; fileEncoding = 4; lastKnownFileType = sourcecode.c.objc; path = EXTScope.m; sourceTree = "<group>"; };
		E74FCC6A1B0DDDC20036B5DD /* metamacros.h */ = {isa = PBXFileReference; fileEncoding = 4; lastKnownFileType = sourcecode.c.h; path = metamacros.h; sourceTree = "<group>"; };
		E74FCC6B1B0DDDC20036B5DD /* Mantle.h */ = {isa = PBXFileReference; fileEncoding = 4; lastKnownFileType = sourcecode.c.h; path = Mantle.h; sourceTree = "<group>"; };
		E74FCC6C1B0DDDC20036B5DD /* MTLJSONAdapter.h */ = {isa = PBXFileReference; fileEncoding = 4; lastKnownFileType = sourcecode.c.h; path = MTLJSONAdapter.h; sourceTree = "<group>"; };
		E74FCC6D1B0DDDC20036B5DD /* MTLJSONAdapter.m */ = {isa = PBXFileReference; fileEncoding = 4; lastKnownFileType = sourcecode.c.objc; path = MTLJSONAdapter.m; sourceTree = "<group>"; };
		E74FCC6E1B0DDDC20036B5DD /* MTLManagedObjectAdapter.h */ = {isa = PBXFileReference; fileEncoding = 4; lastKnownFileType = sourcecode.c.h; path = MTLManagedObjectAdapter.h; sourceTree = "<group>"; };
		E74FCC6F1B0DDDC20036B5DD /* MTLManagedObjectAdapter.m */ = {isa = PBXFileReference; fileEncoding = 4; lastKnownFileType = sourcecode.c.objc; path = MTLManagedObjectAdapter.m; sourceTree = "<group>"; };
		E74FCC701B0DDDC20036B5DD /* MTLModel+NSCoding.h */ = {isa = PBXFileReference; fileEncoding = 4; lastKnownFileType = sourcecode.c.h; path = "MTLModel+NSCoding.h"; sourceTree = "<group>"; };
		E74FCC711B0DDDC20036B5DD /* MTLModel+NSCoding.m */ = {isa = PBXFileReference; fileEncoding = 4; lastKnownFileType = sourcecode.c.objc; path = "MTLModel+NSCoding.m"; sourceTree = "<group>"; };
		E74FCC721B0DDDC20036B5DD /* MTLModel.h */ = {isa = PBXFileReference; fileEncoding = 4; lastKnownFileType = sourcecode.c.h; path = MTLModel.h; sourceTree = "<group>"; };
		E74FCC731B0DDDC20036B5DD /* MTLModel.m */ = {isa = PBXFileReference; fileEncoding = 4; lastKnownFileType = sourcecode.c.objc; path = MTLModel.m; sourceTree = "<group>"; };
		E74FCC741B0DDDC20036B5DD /* MTLReflection.h */ = {isa = PBXFileReference; fileEncoding = 4; lastKnownFileType = sourcecode.c.h; path = MTLReflection.h; sourceTree = "<group>"; };
		E74FCC751B0DDDC20036B5DD /* MTLReflection.m */ = {isa = PBXFileReference; fileEncoding = 4; lastKnownFileType = sourcecode.c.objc; path = MTLReflection.m; sourceTree = "<group>"; };
		E74FCC761B0DDDC20036B5DD /* MTLValueTransformer.h */ = {isa = PBXFileReference; fileEncoding = 4; lastKnownFileType = sourcecode.c.h; path = MTLValueTransformer.h; sourceTree = "<group>"; };
		E74FCC771B0DDDC20036B5DD /* MTLValueTransformer.m */ = {isa = PBXFileReference; fileEncoding = 4; lastKnownFileType = sourcecode.c.objc; path = MTLValueTransformer.m; sourceTree = "<group>"; };
		E74FCC781B0DDDC20036B5DD /* NSArray+MTLManipulationAdditions.h */ = {isa = PBXFileReference; fileEncoding = 4; lastKnownFileType = sourcecode.c.h; path = "NSArray+MTLManipulationAdditions.h"; sourceTree = "<group>"; };
		E74FCC791B0DDDC20036B5DD /* NSArray+MTLManipulationAdditions.m */ = {isa = PBXFileReference; fileEncoding = 4; lastKnownFileType = sourcecode.c.objc; path = "NSArray+MTLManipulationAdditions.m"; sourceTree = "<group>"; };
		E74FCC7A1B0DDDC20036B5DD /* NSDictionary+MTLManipulationAdditions.h */ = {isa = PBXFileReference; fileEncoding = 4; lastKnownFileType = sourcecode.c.h; path = "NSDictionary+MTLManipulationAdditions.h"; sourceTree = "<group>"; };
		E74FCC7B1B0DDDC20036B5DD /* NSDictionary+MTLManipulationAdditions.m */ = {isa = PBXFileReference; fileEncoding = 4; lastKnownFileType = sourcecode.c.objc; path = "NSDictionary+MTLManipulationAdditions.m"; sourceTree = "<group>"; };
		E74FCC7C1B0DDDC20036B5DD /* NSError+MTLModelException.h */ = {isa = PBXFileReference; fileEncoding = 4; lastKnownFileType = sourcecode.c.h; path = "NSError+MTLModelException.h"; sourceTree = "<group>"; };
		E74FCC7D1B0DDDC20036B5DD /* NSError+MTLModelException.m */ = {isa = PBXFileReference; fileEncoding = 4; lastKnownFileType = sourcecode.c.objc; path = "NSError+MTLModelException.m"; sourceTree = "<group>"; };
		E74FCC7E1B0DDDC20036B5DD /* NSObject+MTLComparisonAdditions.h */ = {isa = PBXFileReference; fileEncoding = 4; lastKnownFileType = sourcecode.c.h; path = "NSObject+MTLComparisonAdditions.h"; sourceTree = "<group>"; };
		E74FCC7F1B0DDDC20036B5DD /* NSObject+MTLComparisonAdditions.m */ = {isa = PBXFileReference; fileEncoding = 4; lastKnownFileType = sourcecode.c.objc; path = "NSObject+MTLComparisonAdditions.m"; sourceTree = "<group>"; };
		E74FCC801B0DDDC20036B5DD /* NSValueTransformer+MTLInversionAdditions.h */ = {isa = PBXFileReference; fileEncoding = 4; lastKnownFileType = sourcecode.c.h; path = "NSValueTransformer+MTLInversionAdditions.h"; sourceTree = "<group>"; };
		E74FCC811B0DDDC20036B5DD /* NSValueTransformer+MTLInversionAdditions.m */ = {isa = PBXFileReference; fileEncoding = 4; lastKnownFileType = sourcecode.c.objc; path = "NSValueTransformer+MTLInversionAdditions.m"; sourceTree = "<group>"; };
		E74FCC821B0DDDC20036B5DD /* NSValueTransformer+MTLPredefinedTransformerAdditions.h */ = {isa = PBXFileReference; fileEncoding = 4; lastKnownFileType = sourcecode.c.h; path = "NSValueTransformer+MTLPredefinedTransformerAdditions.h"; sourceTree = "<group>"; };
		E74FCC831B0DDDC20036B5DD /* NSValueTransformer+MTLPredefinedTransformerAdditions.m */ = {isa = PBXFileReference; fileEncoding = 4; lastKnownFileType = sourcecode.c.objc; path = "NSValueTransformer+MTLPredefinedTransformerAdditions.m"; sourceTree = "<group>"; };
		E74FCC921B0DE8120036B5DD /* ShareDATA.h */ = {isa = PBXFileReference; fileEncoding = 4; lastKnownFileType = sourcecode.c.h; path = ShareDATA.h; sourceTree = "<group>"; };
		E74FCC931B0DE8120036B5DD /* ShareDATA.m */ = {isa = PBXFileReference; fileEncoding = 4; lastKnownFileType = sourcecode.c.objc; path = ShareDATA.m; sourceTree = "<group>"; };
		E75E85421B0DC0C20088EAD3 /* MVC_Demo.app */ = {isa = PBXFileReference; explicitFileType = wrapper.application; includeInIndex = 0; path = MVC_Demo.app; sourceTree = BUILT_PRODUCTS_DIR; };
		E75E85461B0DC0C20088EAD3 /* Info.plist */ = {isa = PBXFileReference; lastKnownFileType = text.plist.xml; path = Info.plist; sourceTree = "<group>"; };
		E75E85471B0DC0C20088EAD3 /* main.m */ = {isa = PBXFileReference; lastKnownFileType = sourcecode.c.objc; path = main.m; sourceTree = "<group>"; };
		E75E85501B0DC0C20088EAD3 /* Base */ = {isa = PBXFileReference; lastKnownFileType = file.storyboard; name = Base; path = Base.lproj/Main.storyboard; sourceTree = "<group>"; };
		E75E85521B0DC0C20088EAD3 /* Images.xcassets */ = {isa = PBXFileReference; lastKnownFileType = folder.assetcatalog; path = Images.xcassets; sourceTree = "<group>"; };
		E75E85551B0DC0C20088EAD3 /* Base */ = {isa = PBXFileReference; lastKnownFileType = file.xib; name = Base; path = Base.lproj/LaunchScreen.xib; sourceTree = "<group>"; };
		E75E855B1B0DC0C20088EAD3 /* MVC_DemoTests.xctest */ = {isa = PBXFileReference; explicitFileType = wrapper.cfbundle; includeInIndex = 0; path = MVC_DemoTests.xctest; sourceTree = BUILT_PRODUCTS_DIR; };
		E75E85601B0DC0C20088EAD3 /* Info.plist */ = {isa = PBXFileReference; lastKnownFileType = text.plist.xml; path = Info.plist; sourceTree = "<group>"; };
		E75E85611B0DC0C20088EAD3 /* MVC_DemoTests.m */ = {isa = PBXFileReference; lastKnownFileType = sourcecode.c.objc; path = MVC_DemoTests.m; sourceTree = "<group>"; };
		E75E85721B0DC2700088EAD3 /* AppDelegate.h */ = {isa = PBXFileReference; fileEncoding = 4; lastKnownFileType = sourcecode.c.h; path = AppDelegate.h; sourceTree = "<group>"; };
		E75E85731B0DC2700088EAD3 /* AppDelegate.m */ = {isa = PBXFileReference; fileEncoding = 4; lastKnownFileType = sourcecode.c.objc; path = AppDelegate.m; sourceTree = "<group>"; };
		E75E85761B0DC2700088EAD3 /* ViewController.h */ = {isa = PBXFileReference; fileEncoding = 4; lastKnownFileType = sourcecode.c.h; path = ViewController.h; sourceTree = "<group>"; };
		E75E85771B0DC2700088EAD3 /* ViewController.m */ = {isa = PBXFileReference; fileEncoding = 4; lastKnownFileType = sourcecode.c.objc; path = ViewController.m; sourceTree = "<group>"; };
		E75E857A1B0DC3690088EAD3 /* DataShareClass.h */ = {isa = PBXFileReference; fileEncoding = 4; lastKnownFileType = sourcecode.c.h; path = DataShareClass.h; sourceTree = "<group>"; };
		E75E857B1B0DC3690088EAD3 /* DataShareClass.m */ = {isa = PBXFileReference; fileEncoding = 4; lastKnownFileType = sourcecode.c.objc; path = DataShareClass.m; sourceTree = "<group>"; };
		E75E857D1B0DC9630088EAD3 /* Global.h */ = {isa = PBXFileReference; lastKnownFileType = sourcecode.c.h; path = Global.h; sourceTree = "<group>"; };
		E75E857E1B0DD91C0088EAD3 /* MVC_Demo-Prefix.pch */ = {isa = PBXFileReference; lastKnownFileType = sourcecode.c.h; path = "MVC_Demo-Prefix.pch"; sourceTree = "<group>"; };
/* End PBXFileReference section */

/* Begin PBXFrameworksBuildPhase section */
		E75E853F1B0DC0C20088EAD3 /* Frameworks */ = {
			isa = PBXFrameworksBuildPhase;
			buildActionMask = 2147483647;
			files = (
			);
			runOnlyForDeploymentPostprocessing = 0;
		};
		E75E85581B0DC0C20088EAD3 /* Frameworks */ = {
			isa = PBXFrameworksBuildPhase;
			buildActionMask = 2147483647;
			files = (
			);
			runOnlyForDeploymentPostprocessing = 0;
		};
/* End PBXFrameworksBuildPhase section */

/* Begin PBXGroup section */
		E74FCC391B0DDD440036B5DD /* Entities */ = {
			isa = PBXGroup;
			children = (
				E74FCC631B0DDDC20036B5DD /* Mantle */,
				E74FCC3A1B0DDD440036B5DD /* AFNetworking */,
				E74FCC4E1B0DDD440036B5DD /* Reachability */,
				E74FCC511B0DDD440036B5DD /* Singleton */,
				E74FCC541B0DDD440036B5DD /* WebseriviceCall */,
			);
			path = Entities;
			sourceTree = "<group>";
		};
		E74FCC3A1B0DDD440036B5DD /* AFNetworking */ = {
			isa = PBXGroup;
			children = (
				E74FCC3B1B0DDD440036B5DD /* AFHTTPRequestOperation.h */,
				E74FCC3C1B0DDD440036B5DD /* AFHTTPRequestOperation.m */,
				E74FCC3D1B0DDD440036B5DD /* AFHTTPRequestOperationManager.h */,
				E74FCC3E1B0DDD440036B5DD /* AFHTTPRequestOperationManager.m */,
				E74FCC3F1B0DDD440036B5DD /* AFHTTPSessionManager.h */,
				E74FCC401B0DDD440036B5DD /* AFHTTPSessionManager.m */,
				E74FCC411B0DDD440036B5DD /* AFNetworking.h */,
				E74FCC421B0DDD440036B5DD /* AFNetworkReachabilityManager.h */,
				E74FCC431B0DDD440036B5DD /* AFNetworkReachabilityManager.m */,
				E74FCC441B0DDD440036B5DD /* AFSecurityPolicy.h */,
				E74FCC451B0DDD440036B5DD /* AFSecurityPolicy.m */,
				E74FCC461B0DDD440036B5DD /* AFURLConnectionOperation.h */,
				E74FCC471B0DDD440036B5DD /* AFURLConnectionOperation.m */,
				E74FCC481B0DDD440036B5DD /* AFURLRequestSerialization.h */,
				E74FCC491B0DDD440036B5DD /* AFURLRequestSerialization.m */,
				E74FCC4A1B0DDD440036B5DD /* AFURLResponseSerialization.h */,
				E74FCC4B1B0DDD440036B5DD /* AFURLResponseSerialization.m */,
				E74FCC4C1B0DDD440036B5DD /* AFURLSessionManager.h */,
				E74FCC4D1B0DDD440036B5DD /* AFURLSessionManager.m */,
			);
			path = AFNetworking;
			sourceTree = "<group>";
		};
		E74FCC4E1B0DDD440036B5DD /* Reachability */ = {
			isa = PBXGroup;
			children = (
				E74FCC4F1B0DDD440036B5DD /* Reachability.h */,
				E74FCC501B0DDD440036B5DD /* Reachability.m */,
			);
			path = Reachability;
			sourceTree = "<group>";
		};
		E74FCC511B0DDD440036B5DD /* Singleton */ = {
			isa = PBXGroup;
			children = (
				E74FCC521B0DDD440036B5DD /* Singleton.h */,
				E74FCC531B0DDD440036B5DD /* Singleton.m */,
			);
			path = Singleton;
			sourceTree = "<group>";
		};
		E74FCC541B0DDD440036B5DD /* WebseriviceCall */ = {
			isa = PBXGroup;
			children = (
				E74FCC551B0DDD440036B5DD /* WebserviceCaller.h */,
				E74FCC561B0DDD440036B5DD /* WebserviceCaller.m */,
			);
			path = WebseriviceCall;
			sourceTree = "<group>";
		};
		E74FCC631B0DDDC20036B5DD /* Mantle */ = {
			isa = PBXGroup;
			children = (
				E74FCC641B0DDDC20036B5DD /* extobjc */,
				E74FCC6B1B0DDDC20036B5DD /* Mantle.h */,
				E74FCC6C1B0DDDC20036B5DD /* MTLJSONAdapter.h */,
				E74FCC6D1B0DDDC20036B5DD /* MTLJSONAdapter.m */,
				E74FCC6E1B0DDDC20036B5DD /* MTLManagedObjectAdapter.h */,
				E74FCC6F1B0DDDC20036B5DD /* MTLManagedObjectAdapter.m */,
				E74FCC701B0DDDC20036B5DD /* MTLModel+NSCoding.h */,
				E74FCC711B0DDDC20036B5DD /* MTLModel+NSCoding.m */,
				E74FCC721B0DDDC20036B5DD /* MTLModel.h */,
				E74FCC731B0DDDC20036B5DD /* MTLModel.m */,
				E74FCC741B0DDDC20036B5DD /* MTLReflection.h */,
				E74FCC751B0DDDC20036B5DD /* MTLReflection.m */,
				E74FCC761B0DDDC20036B5DD /* MTLValueTransformer.h */,
				E74FCC771B0DDDC20036B5DD /* MTLValueTransformer.m */,
				E74FCC781B0DDDC20036B5DD /* NSArray+MTLManipulationAdditions.h */,
				E74FCC791B0DDDC20036B5DD /* NSArray+MTLManipulationAdditions.m */,
				E74FCC7A1B0DDDC20036B5DD /* NSDictionary+MTLManipulationAdditions.h */,
				E74FCC7B1B0DDDC20036B5DD /* NSDictionary+MTLManipulationAdditions.m */,
				E74FCC7C1B0DDDC20036B5DD /* NSError+MTLModelException.h */,
				E74FCC7D1B0DDDC20036B5DD /* NSError+MTLModelException.m */,
				E74FCC7E1B0DDDC20036B5DD /* NSObject+MTLComparisonAdditions.h */,
				E74FCC7F1B0DDDC20036B5DD /* NSObject+MTLComparisonAdditions.m */,
				E74FCC801B0DDDC20036B5DD /* NSValueTransformer+MTLInversionAdditions.h */,
				E74FCC811B0DDDC20036B5DD /* NSValueTransformer+MTLInversionAdditions.m */,
				E74FCC821B0DDDC20036B5DD /* NSValueTransformer+MTLPredefinedTransformerAdditions.h */,
				E74FCC831B0DDDC20036B5DD /* NSValueTransformer+MTLPredefinedTransformerAdditions.m */,
			);
			path = Mantle;
			sourceTree = "<group>";
		};
		E74FCC641B0DDDC20036B5DD /* extobjc */ = {
			isa = PBXGroup;
			children = (
				E74FCC651B0DDDC20036B5DD /* EXTKeyPathCoding.h */,
				E74FCC661B0DDDC20036B5DD /* EXTRuntimeExtensions.h */,
				E74FCC671B0DDDC20036B5DD /* EXTRuntimeExtensions.m */,
				E74FCC681B0DDDC20036B5DD /* EXTScope.h */,
				E74FCC691B0DDDC20036B5DD /* EXTScope.m */,
				E74FCC6A1B0DDDC20036B5DD /* metamacros.h */,
			);
			path = extobjc;
			sourceTree = "<group>";
		};
		E75E85391B0DC0C20088EAD3 = {
			isa = PBXGroup;
			children = (
				E75E85441B0DC0C20088EAD3 /* MVC_Demo */,
				E75E855E1B0DC0C20088EAD3 /* MVC_DemoTests */,
				E75E85431B0DC0C20088EAD3 /* Products */,
			);
			sourceTree = "<group>";
		};
		E75E85431B0DC0C20088EAD3 /* Products */ = {
			isa = PBXGroup;
			children = (
				E75E85421B0DC0C20088EAD3 /* MVC_Demo.app */,
				E75E855B1B0DC0C20088EAD3 /* MVC_DemoTests.xctest */,
			);
			name = Products;
			sourceTree = "<group>";
		};
		E75E85441B0DC0C20088EAD3 /* MVC_Demo */ = {
			isa = PBXGroup;
			children = (
				E74FCC391B0DDD440036B5DD /* Entities */,
				E75E857D1B0DC9630088EAD3 /* Global.h */,
				E75E85711B0DC2700088EAD3 /* Controller */,
				E75E85741B0DC2700088EAD3 /* Model */,
				E75E85751B0DC2700088EAD3 /* View */,
				E75E854F1B0DC0C20088EAD3 /* Main.storyboard */,
				E75E85521B0DC0C20088EAD3 /* Images.xcassets */,
				E75E85541B0DC0C20088EAD3 /* LaunchScreen.xib */,
				E75E85451B0DC0C20088EAD3 /* Supporting Files */,
			);
			path = MVC_Demo;
			sourceTree = "<group>";
		};
		E75E85451B0DC0C20088EAD3 /* Supporting Files */ = {
			isa = PBXGroup;
			children = (
				E75E85461B0DC0C20088EAD3 /* Info.plist */,
				E75E85471B0DC0C20088EAD3 /* main.m */,
				E75E857E1B0DD91C0088EAD3 /* MVC_Demo-Prefix.pch */,
			);
			name = "Supporting Files";
			sourceTree = "<group>";
		};
		E75E855E1B0DC0C20088EAD3 /* MVC_DemoTests */ = {
			isa = PBXGroup;
			children = (
				E75E85611B0DC0C20088EAD3 /* MVC_DemoTests.m */,
				E75E855F1B0DC0C20088EAD3 /* Supporting Files */,
			);
			path = MVC_DemoTests;
			sourceTree = "<group>";
		};
		E75E855F1B0DC0C20088EAD3 /* Supporting Files */ = {
			isa = PBXGroup;
			children = (
				E75E85601B0DC0C20088EAD3 /* Info.plist */,
			);
			name = "Supporting Files";
			sourceTree = "<group>";
		};
		E75E85711B0DC2700088EAD3 /* Controller */ = {
			isa = PBXGroup;
			children = (
				E75E85721B0DC2700088EAD3 /* AppDelegate.h */,
				E75E85731B0DC2700088EAD3 /* AppDelegate.m */,
				E75E857A1B0DC3690088EAD3 /* DataShareClass.h */,
				E75E857B1B0DC3690088EAD3 /* DataShareClass.m */,
				E74FCC921B0DE8120036B5DD /* ShareDATA.h */,
				E74FCC931B0DE8120036B5DD /* ShareDATA.m */,
			);
			path = Controller;
			sourceTree = "<group>";
		};
		E75E85741B0DC2700088EAD3 /* Model */ = {
			isa = PBXGroup;
			children = (
			);
			path = Model;
			sourceTree = "<group>";
		};
		E75E85751B0DC2700088EAD3 /* View */ = {
			isa = PBXGroup;
			children = (
				E75E85761B0DC2700088EAD3 /* ViewController.h */,
				E75E85771B0DC2700088EAD3 /* ViewController.m */,
			);
			path = View;
			sourceTree = "<group>";
		};
/* End PBXGroup section */

/* Begin PBXNativeTarget section */
		E75E85411B0DC0C20088EAD3 /* MVC_Demo */ = {
			isa = PBXNativeTarget;
			buildConfigurationList = E75E85651B0DC0C20088EAD3 /* Build configuration list for PBXNativeTarget "MVC_Demo" */;
			buildPhases = (
				E75E853E1B0DC0C20088EAD3 /* Sources */,
				E75E853F1B0DC0C20088EAD3 /* Frameworks */,
				E75E85401B0DC0C20088EAD3 /* Resources */,
			);
			buildRules = (
			);
			dependencies = (
			);
			name = MVC_Demo;
			productName = MVC_Demo;
			productReference = E75E85421B0DC0C20088EAD3 /* MVC_Demo.app */;
			productType = "com.apple.product-type.application";
		};
		E75E855A1B0DC0C20088EAD3 /* MVC_DemoTests */ = {
			isa = PBXNativeTarget;
			buildConfigurationList = E75E85681B0DC0C20088EAD3 /* Build configuration list for PBXNativeTarget "MVC_DemoTests" */;
			buildPhases = (
				E75E85571B0DC0C20088EAD3 /* Sources */,
				E75E85581B0DC0C20088EAD3 /* Frameworks */,
				E75E85591B0DC0C20088EAD3 /* Resources */,
			);
			buildRules = (
			);
			dependencies = (
				E75E855D1B0DC0C20088EAD3 /* PBXTargetDependency */,
			);
			name = MVC_DemoTests;
			productName = MVC_DemoTests;
			productReference = E75E855B1B0DC0C20088EAD3 /* MVC_DemoTests.xctest */;
			productType = "com.apple.product-type.bundle.unit-test";
		};
/* End PBXNativeTarget section */

/* Begin PBXProject section */
		E75E853A1B0DC0C20088EAD3 /* Project object */ = {
			isa = PBXProject;
			attributes = {
				LastUpgradeCheck = 0630;
				ORGANIZATIONNAME = Tops;
				TargetAttributes = {
					E75E85411B0DC0C20088EAD3 = {
						CreatedOnToolsVersion = 6.3.1;
					};
					E75E855A1B0DC0C20088EAD3 = {
						CreatedOnToolsVersion = 6.3.1;
						TestTargetID = E75E85411B0DC0C20088EAD3;
					};
				};
			};
			buildConfigurationList = E75E853D1B0DC0C20088EAD3 /* Build configuration list for PBXProject "MVC_Demo" */;
			compatibilityVersion = "Xcode 3.2";
			developmentRegion = English;
			hasScannedForEncodings = 0;
			knownRegions = (
				en,
				Base,
			);
			mainGroup = E75E85391B0DC0C20088EAD3;
			productRefGroup = E75E85431B0DC0C20088EAD3 /* Products */;
			projectDirPath = "";
			projectRoot = "";
			targets = (
				E75E85411B0DC0C20088EAD3 /* MVC_Demo */,
				E75E855A1B0DC0C20088EAD3 /* MVC_DemoTests */,
			);
		};
/* End PBXProject section */

/* Begin PBXResourcesBuildPhase section */
		E75E85401B0DC0C20088EAD3 /* Resources */ = {
			isa = PBXResourcesBuildPhase;
			buildActionMask = 2147483647;
			files = (
				E75E85511B0DC0C20088EAD3 /* Main.storyboard in Resources */,
				E75E85561B0DC0C20088EAD3 /* LaunchScreen.xib in Resources */,
				E75E85531B0DC0C20088EAD3 /* Images.xcassets in Resources */,
			);
			runOnlyForDeploymentPostprocessing = 0;
		};
		E75E85591B0DC0C20088EAD3 /* Resources */ = {
			isa = PBXResourcesBuildPhase;
			buildActionMask = 2147483647;
			files = (
			);
			runOnlyForDeploymentPostprocessing = 0;
		};
/* End PBXResourcesBuildPhase section */

/* Begin PBXSourcesBuildPhase section */
		E75E853E1B0DC0C20088EAD3 /* Sources */ = {
			isa = PBXSourcesBuildPhase;
			buildActionMask = 2147483647;
			files = (
				E74FCC941B0DE8120036B5DD /* ShareDATA.m in Sources */,
				E75E85791B0DC2700088EAD3 /* ViewController.m in Sources */,
				E74FCC5B1B0DDD440036B5DD /* AFSecurityPolicy.m in Sources */,
				E74FCC911B0DDDC20036B5DD /* NSValueTransformer+MTLPredefinedTransformerAdditions.m in Sources */,
				E75E85781B0DC2700088EAD3 /* AppDelegate.m in Sources */,
				E74FCC8D1B0DDDC20036B5DD /* NSDictionary+MTLManipulationAdditions.m in Sources */,
				E74FCC581B0DDD440036B5DD /* AFHTTPRequestOperationManager.m in Sources */,
				E74FCC861B0DDDC20036B5DD /* MTLJSONAdapter.m in Sources */,
				E74FCC8B1B0DDDC20036B5DD /* MTLValueTransformer.m in Sources */,
				E74FCC5C1B0DDD440036B5DD /* AFURLConnectionOperation.m in Sources */,
				E74FCC571B0DDD440036B5DD /* AFHTTPRequestOperation.m in Sources */,
				E74FCC841B0DDDC20036B5DD /* EXTRuntimeExtensions.m in Sources */,
				E74FCC8F1B0DDDC20036B5DD /* NSObject+MTLComparisonAdditions.m in Sources */,
				E75E857C1B0DC3690088EAD3 /* DataShareClass.m in Sources */,
				E74FCC881B0DDDC20036B5DD /* MTLModel+NSCoding.m in Sources */,
				E74FCC5D1B0DDD440036B5DD /* AFURLRequestSerialization.m in Sources */,
				E74FCC871B0DDDC20036B5DD /* MTLManagedObjectAdapter.m in Sources */,
				E74FCC8A1B0DDDC20036B5DD /* MTLReflection.m in Sources */,
				E74FCC591B0DDD440036B5DD /* AFHTTPSessionManager.m in Sources */,
				E74FCC611B0DDD440036B5DD /* Singleton.m in Sources */,
				E74FCC5A1B0DDD440036B5DD /* AFNetworkReachabilityManager.m in Sources */,
				E74FCC851B0DDDC20036B5DD /* EXTScope.m in Sources */,
				E74FCC601B0DDD440036B5DD /* Reachability.m in Sources */,
				E74FCC901B0DDDC20036B5DD /* NSValueTransformer+MTLInversionAdditions.m in Sources */,
				E74FCC5E1B0DDD440036B5DD /* AFURLResponseSerialization.m in Sources */,
				E74FCC5F1B0DDD440036B5DD /* AFURLSessionManager.m in Sources */,
				E74FCC8E1B0DDDC20036B5DD /* NSError+MTLModelException.m in Sources */,
				E74FCC8C1B0DDDC20036B5DD /* NSArray+MTLManipulationAdditions.m in Sources */,
				E75E85481B0DC0C20088EAD3 /* main.m in Sources */,
				E74FCC621B0DDD440036B5DD /* WebserviceCaller.m in Sources */,
				E74FCC891B0DDDC20036B5DD /* MTLModel.m in Sources */,
			);
			runOnlyForDeploymentPostprocessing = 0;
		};
		E75E85571B0DC0C20088EAD3 /* Sources */ = {
			isa = PBXSourcesBuildPhase;
			buildActionMask = 2147483647;
			files = (
				E75E85621B0DC0C20088EAD3 /* MVC_DemoTests.m in Sources */,
			);
			runOnlyForDeploymentPostprocessing = 0;
		};
/* End PBXSourcesBuildPhase section */

/* Begin PBXTargetDependency section */
		E75E855D1B0DC0C20088EAD3 /* PBXTargetDependency */ = {
			isa = PBXTargetDependency;
			target = E75E85411B0DC0C20088EAD3 /* MVC_Demo */;
			targetProxy = E75E855C1B0DC0C20088EAD3 /* PBXContainerItemProxy */;
		};
/* End PBXTargetDependency section */

/* Begin PBXVariantGroup section */
		E75E854F1B0DC0C20088EAD3 /* Main.storyboard */ = {
			isa = PBXVariantGroup;
			children = (
				E75E85501B0DC0C20088EAD3 /* Base */,
			);
			name = Main.storyboard;
			sourceTree = "<group>";
		};
		E75E85541B0DC0C20088EAD3 /* LaunchScreen.xib */ = {
			isa = PBXVariantGroup;
			children = (
				E75E85551B0DC0C20088EAD3 /* Base */,
			);
			name = LaunchScreen.xib;
			sourceTree = "<group>";
		};
/* End PBXVariantGroup section */

/* Begin XCBuildConfiguration section */
		E75E85631B0DC0C20088EAD3 /* Debug */ = {
			isa = XCBuildConfiguration;
			buildSettings = {
				ALWAYS_SEARCH_USER_PATHS = NO;
				CLANG_CXX_LANGUAGE_STANDARD = "gnu++0x";
				CLANG_CXX_LIBRARY = "libc++";
				CLANG_ENABLE_MODULES = YES;
				CLANG_ENABLE_OBJC_ARC = YES;
				CLANG_WARN_BOOL_CONVERSION = YES;
				CLANG_WARN_CONSTANT_CONVERSION = YES;
				CLANG_WARN_DIRECT_OBJC_ISA_USAGE = YES_ERROR;
				CLANG_WARN_EMPTY_BODY = YES;
				CLANG_WARN_ENUM_CONVERSION = YES;
				CLANG_WARN_INT_CONVERSION = YES;
				CLANG_WARN_OBJC_ROOT_CLASS = YES_ERROR;
				CLANG_WARN_UNREACHABLE_CODE = YES;
				CLANG_WARN__DUPLICATE_METHOD_MATCH = YES;
				"CODE_SIGN_IDENTITY[sdk=iphoneos*]" = "iPhone Developer";
				COPY_PHASE_STRIP = NO;
				DEBUG_INFORMATION_FORMAT = "dwarf-with-dsym";
				ENABLE_STRICT_OBJC_MSGSEND = YES;
				GCC_C_LANGUAGE_STANDARD = gnu99;
				GCC_DYNAMIC_NO_PIC = NO;
				GCC_NO_COMMON_BLOCKS = YES;
				GCC_OPTIMIZATION_LEVEL = 0;
				GCC_PREPROCESSOR_DEFINITIONS = (
					"DEBUG=1",
					"$(inherited)",
				);
				GCC_SYMBOLS_PRIVATE_EXTERN = NO;
				GCC_WARN_64_TO_32_BIT_CONVERSION = YES;
				GCC_WARN_ABOUT_RETURN_TYPE = YES_ERROR;
				GCC_WARN_UNDECLARED_SELECTOR = YES;
				GCC_WARN_UNINITIALIZED_AUTOS = YES_AGGRESSIVE;
				GCC_WARN_UNUSED_FUNCTION = YES;
				GCC_WARN_UNUSED_VARIABLE = YES;
				IPHONEOS_DEPLOYMENT_TARGET = 8.3;
				MTL_ENABLE_DEBUG_INFO = YES;
				ONLY_ACTIVE_ARCH = YES;
				SDKROOT = iphoneos;
			};
			name = Debug;
		};
		E75E85641B0DC0C20088EAD3 /* Release */ = {
			isa = XCBuildConfiguration;
			buildSettings = {
				ALWAYS_SEARCH_USER_PATHS = NO;
				CLANG_CXX_LANGUAGE_STANDARD = "gnu++0x";
				CLANG_CXX_LIBRARY = "libc++";
				CLANG_ENABLE_MODULES = YES;
				CLANG_ENABLE_OBJC_ARC = YES;
				CLANG_WARN_BOOL_CONVERSION = YES;
				CLANG_WARN_CONSTANT_CONVERSION = YES;
				CLANG_WARN_DIRECT_OBJC_ISA_USAGE = YES_ERROR;
				CLANG_WARN_EMPTY_BODY = YES;
				CLANG_WARN_ENUM_CONVERSION = YES;
				CLANG_WARN_INT_CONVERSION = YES;
				CLANG_WARN_OBJC_ROOT_CLASS = YES_ERROR;
				CLANG_WARN_UNREACHABLE_CODE = YES;
				CLANG_WARN__DUPLICATE_METHOD_MATCH = YES;
				"CODE_SIGN_IDENTITY[sdk=iphoneos*]" = "iPhone Developer";
				COPY_PHASE_STRIP = NO;
				DEBUG_INFORMATION_FORMAT = "dwarf-with-dsym";
				ENABLE_NS_ASSERTIONS = NO;
				ENABLE_STRICT_OBJC_MSGSEND = YES;
				GCC_C_LANGUAGE_STANDARD = gnu99;
				GCC_NO_COMMON_BLOCKS = YES;
				GCC_WARN_64_TO_32_BIT_CONVERSION = YES;
				GCC_WARN_ABOUT_RETURN_TYPE = YES_ERROR;
				GCC_WARN_UNDECLARED_SELECTOR = YES;
				GCC_WARN_UNINITIALIZED_AUTOS = YES_AGGRESSIVE;
				GCC_WARN_UNUSED_FUNCTION = YES;
				GCC_WARN_UNUSED_VARIABLE = YES;
				IPHONEOS_DEPLOYMENT_TARGET = 8.3;
				MTL_ENABLE_DEBUG_INFO = NO;
				SDKROOT = iphoneos;
				VALIDATE_PRODUCT = YES;
			};
			name = Release;
		};
		E75E85661B0DC0C20088EAD3 /* Debug */ = {
			isa = XCBuildConfiguration;
			buildSettings = {
				ASSETCATALOG_COMPILER_APPICON_NAME = AppIcon;
				GCC_PREFIX_HEADER = "MVC_Demo/MVC_Demo-Prefix.pch";
				INFOPLIST_FILE = MVC_Demo/Info.plist;
				LD_RUNPATH_SEARCH_PATHS = "$(inherited) @executable_path/Frameworks";
				PRODUCT_NAME = "$(TARGET_NAME)";
			};
			name = Debug;
		};
		E75E85671B0DC0C20088EAD3 /* Release */ = {
			isa = XCBuildConfiguration;
			buildSettings = {
				ASSETCATALOG_COMPILER_APPICON_NAME = AppIcon;
				GCC_PREFIX_HEADER = "MVC_Demo/MVC_Demo-Prefix.pch";
				INFOPLIST_FILE = MVC_Demo/Info.plist;
				LD_RUNPATH_SEARCH_PATHS = "$(inherited) @executable_path/Frameworks";
				PRODUCT_NAME = "$(TARGET_NAME)";
			};
			name = Release;
		};
		E75E85691B0DC0C20088EAD3 /* Debug */ = {
			isa = XCBuildConfiguration;
			buildSettings = {
				BUNDLE_LOADER = "$(TEST_HOST)";
				FRAMEWORK_SEARCH_PATHS = (
					"$(SDKROOT)/Developer/Library/Frameworks",
					"$(inherited)",
				);
				GCC_PREPROCESSOR_DEFINITIONS = (
					"DEBUG=1",
					"$(inherited)",
				);
				INFOPLIST_FILE = MVC_DemoTests/Info.plist;
				LD_RUNPATH_SEARCH_PATHS = "$(inherited) @executable_path/Frameworks @loader_path/Frameworks";
				PRODUCT_NAME = "$(TARGET_NAME)";
				TEST_HOST = "$(BUILT_PRODUCTS_DIR)/MVC_Demo.app/MVC_Demo";
			};
			name = Debug;
		};
		E75E856A1B0DC0C20088EAD3 /* Release */ = {
			isa = XCBuildConfiguration;
			buildSettings = {
				BUNDLE_LOADER = "$(TEST_HOST)";
				FRAMEWORK_SEARCH_PATHS = (
					"$(SDKROOT)/Developer/Library/Frameworks",
					"$(inherited)",
				);
				INFOPLIST_FILE = MVC_DemoTests/Info.plist;
				LD_RUNPATH_SEARCH_PATHS = "$(inherited) @executable_path/Frameworks @loader_path/Frameworks";
				PRODUCT_NAME = "$(TARGET_NAME)";
				TEST_HOST = "$(BUILT_PRODUCTS_DIR)/MVC_Demo.app/MVC_Demo";
			};
			name = Release;
		};
/* End XCBuildConfiguration section */

/* Begin XCConfigurationList section */
		E75E853D1B0DC0C20088EAD3 /* Build configuration list for PBXProject "MVC_Demo" */ = {
			isa = XCConfigurationList;
			buildConfigurations = (
				E75E85631B0DC0C20088EAD3 /* Debug */,
				E75E85641B0DC0C20088EAD3 /* Release */,
			);
			defaultConfigurationIsVisible = 0;
			defaultConfigurationName = Release;
		};
		E75E85651B0DC0C20088EAD3 /* Build configuration list for PBXNativeTarget "MVC_Demo" */ = {
			isa = XCConfigurationList;
			buildConfigurations = (
				E75E85661B0DC0C20088EAD3 /* Debug */,
				E75E85671B0DC0C20088EAD3 /* Release */,
			);
			defaultConfigurationIsVisible = 0;
			defaultConfigurationName = Release;
		};
		E75E85681B0DC0C20088EAD3 /* Build configuration list for PBXNativeTarget "MVC_DemoTests" */ = {
			isa = XCConfigurationList;
			buildConfigurations = (
				E75E85691B0DC0C20088EAD3 /* Debug */,
				E75E856A1B0DC0C20088EAD3 /* Release */,
			);
			defaultConfigurationIsVisible = 0;
			defaultConfigurationName = Release;
		};
/* End XCConfigurationList section */
	};
	rootObject = E75E853A1B0DC0C20088EAD3 /* Project object */;
}
